// !$*UTF8*$!
{
	archiveVersion = 1;
	classes = {
	};
	objectVersion = 46;
	objects = {

/* Begin PBXBuildFile section */
		FA0C2559174E70E300C942BC /* main_background.png in Resources */ = {isa = PBXBuildFile; fileRef = FA0C2558174E70E300C942BC /* main_background.png */; };
		FA0C255B174E77D200C942BC /* button_flower_game.png in Resources */ = {isa = PBXBuildFile; fileRef = FA0C255A174E77D200C942BC /* button_flower_game.png */; };
		FA0C255C174E77D200C942BC /* button_flower_game.png in Resources */ = {isa = PBXBuildFile; fileRef = FA0C255A174E77D200C942BC /* button_flower_game.png */; };
		FA0C255E174E785000C942BC /* active_field_game.png in Resources */ = {isa = PBXBuildFile; fileRef = FA0C255D174E785000C942BC /* active_field_game.png */; };
		FA0C2560174E78F900C942BC /* button_flower_blue_active.png in Resources */ = {isa = PBXBuildFile; fileRef = FA0C255F174E78F900C942BC /* button_flower_blue_active.png */; };
		FA0C2563174E790700C942BC /* button_flower_green_active.png in Resources */ = {isa = PBXBuildFile; fileRef = FA0C2562174E790700C942BC /* button_flower_green_active.png */; };
		FA0C2565174E791A00C942BC /* button_flower_red_active.png in Resources */ = {isa = PBXBuildFile; fileRef = FA0C2564174E791A00C942BC /* button_flower_red_active.png */; };
		FA0C2567174E792800C942BC /* button_flower_violet_active.png in Resources */ = {isa = PBXBuildFile; fileRef = FA0C2566174E792800C942BC /* button_flower_violet_active.png */; };
		FA0C2569174E793000C942BC /* button_flower_yellow_active.png in Resources */ = {isa = PBXBuildFile; fileRef = FA0C2568174E793000C942BC /* button_flower_yellow_active.png */; };
		FA0C256B174E793A00C942BC /* button_info.png in Resources */ = {isa = PBXBuildFile; fileRef = FA0C256A174E793A00C942BC /* button_info.png */; };
		FA0C256D174E83A900C942BC /* button_lock.png in Resources */ = {isa = PBXBuildFile; fileRef = FA0C256C174E83A900C942BC /* button_lock.png */; };
		FA0C256F174E847E00C942BC /* lock_field_game.png in Resources */ = {isa = PBXBuildFile; fileRef = FA0C256E174E847E00C942BC /* lock_field_game.png */; };
		FA4580FB172EE41800180886 /* ava.png in Resources */ = {isa = PBXBuildFile; fileRef = FA4580FA172EE41800180886 /* ava.png */; };
		FA803CAE173424420053C881 /* CipherInfoViewCell.m in Sources */ = {isa = PBXBuildFile; fileRef = FA803CAD173424420053C881 /* CipherInfoViewCell.m */; };
		FA803CAF173424420053C881 /* CipherInfoViewCell.m in Sources */ = {isa = PBXBuildFile; fileRef = FA803CAD173424420053C881 /* CipherInfoViewCell.m */; };
		FA803CDA17342F110053C881 /* GamesHistory.m in Sources */ = {isa = PBXBuildFile; fileRef = FA803CD917342F110053C881 /* GamesHistory.m */; };
		FA803CDB17342F110053C881 /* GamesHistory.m in Sources */ = {isa = PBXBuildFile; fileRef = FA803CD917342F110053C881 /* GamesHistory.m */; };
		FA803CDE17343BFB0053C881 /* Game.m in Sources */ = {isa = PBXBuildFile; fileRef = FA803CDD17343BFB0053C881 /* Game.m */; };
		FA803CDF17343BFB0053C881 /* Game.m in Sources */ = {isa = PBXBuildFile; fileRef = FA803CDD17343BFB0053C881 /* Game.m */; };
		FA9267EF17361CC60029ACB5 /* webcob.p12 in Resources */ = {isa = PBXBuildFile; fileRef = FA9267EE17361CC60029ACB5 /* webcob.p12 */; };
		FA9267F017361CC60029ACB5 /* webcob.p12 in Resources */ = {isa = PBXBuildFile; fileRef = FA9267EE17361CC60029ACB5 /* webcob.p12 */; };
		FA9267F61736CF600029ACB5 /* GameScore.m in Sources */ = {isa = PBXBuildFile; fileRef = FA9267F51736CF600029ACB5 /* GameScore.m */; };
		FA9267F71736CF600029ACB5 /* GameScore.m in Sources */ = {isa = PBXBuildFile; fileRef = FA9267F51736CF600029ACB5 /* GameScore.m */; };
		FAAA3690172E4D7A00C55968 /* UIKit.framework in Frameworks */ = {isa = PBXBuildFile; fileRef = FAAA368F172E4D7A00C55968 /* UIKit.framework */; };
		FAAA3692172E4D7A00C55968 /* Foundation.framework in Frameworks */ = {isa = PBXBuildFile; fileRef = FAAA3691172E4D7A00C55968 /* Foundation.framework */; };
		FAAA3694172E4D7A00C55968 /* CoreGraphics.framework in Frameworks */ = {isa = PBXBuildFile; fileRef = FAAA3693172E4D7A00C55968 /* CoreGraphics.framework */; };
		FAAA369A172E4D7A00C55968 /* InfoPlist.strings in Resources */ = {isa = PBXBuildFile; fileRef = FAAA3698172E4D7A00C55968 /* InfoPlist.strings */; };
		FAAA369C172E4D7A00C55968 /* main.m in Sources */ = {isa = PBXBuildFile; fileRef = FAAA369B172E4D7A00C55968 /* main.m */; };
		FAAA36A0172E4D7A00C55968 /* CipherAppDelegate.m in Sources */ = {isa = PBXBuildFile; fileRef = FAAA369F172E4D7A00C55968 /* CipherAppDelegate.m */; };
		FAAA36A2172E4D7A00C55968 /* Default.png in Resources */ = {isa = PBXBuildFile; fileRef = FAAA36A1172E4D7A00C55968 /* Default.png */; };
		FAAA36A4172E4D7A00C55968 /* Default@2x.png in Resources */ = {isa = PBXBuildFile; fileRef = FAAA36A3172E4D7A00C55968 /* Default@2x.png */; };
		FAAA36A6172E4D7A00C55968 /* Default-568h@2x.png in Resources */ = {isa = PBXBuildFile; fileRef = FAAA36A5172E4D7A00C55968 /* Default-568h@2x.png */; };
		FAAA36A9172E4D7A00C55968 /* MainStoryboard_iPhone.storyboard in Resources */ = {isa = PBXBuildFile; fileRef = FAAA36A7172E4D7A00C55968 /* MainStoryboard_iPhone.storyboard */; };
		FAAA36AC172E4D7A00C55968 /* MainStoryboard_iPad.storyboard in Resources */ = {isa = PBXBuildFile; fileRef = FAAA36AA172E4D7A00C55968 /* MainStoryboard_iPad.storyboard */; };
		FAAA36AF172E4D7A00C55968 /* CipherViewController.m in Sources */ = {isa = PBXBuildFile; fileRef = FAAA36AE172E4D7A00C55968 /* CipherViewController.m */; };
		FAAA36B7172E520400C55968 /* AVImageView.m in Sources */ = {isa = PBXBuildFile; fileRef = FAAA36B6172E520400C55968 /* AVImageView.m */; };
		FAAA36BA172E525D00C55968 /* CipherInfoViewController.m in Sources */ = {isa = PBXBuildFile; fileRef = FAAA36B9172E525D00C55968 /* CipherInfoViewController.m */; };
		FAAA36C4172E53D000C55968 /* 1.png in Resources */ = {isa = PBXBuildFile; fileRef = FAAA36BF172E53D000C55968 /* 1.png */; };
		FAAA36C5172E53D000C55968 /* 2.png in Resources */ = {isa = PBXBuildFile; fileRef = FAAA36C0172E53D000C55968 /* 2.png */; };
		FAAA36C6172E53D000C55968 /* 3.png in Resources */ = {isa = PBXBuildFile; fileRef = FAAA36C1172E53D000C55968 /* 3.png */; };
		FAAA36C7172E53D000C55968 /* 4.png in Resources */ = {isa = PBXBuildFile; fileRef = FAAA36C2172E53D000C55968 /* 4.png */; };
		FAAA36C8172E53D000C55968 /* 5.png in Resources */ = {isa = PBXBuildFile; fileRef = FAAA36C3172E53D000C55968 /* 5.png */; };
		FABCB8A21733220F00907198 /* vmeste_veselo_shagat.mp3 in Resources */ = {isa = PBXBuildFile; fileRef = FABCB8A11733220F00907198 /* vmeste_veselo_shagat.mp3 */; };
		FABCB8A31733220F00907198 /* vmeste_veselo_shagat.mp3 in Resources */ = {isa = PBXBuildFile; fileRef = FABCB8A11733220F00907198 /* vmeste_veselo_shagat.mp3 */; };
		FABCB8A6173397F300907198 /* Row.m in Sources */ = {isa = PBXBuildFile; fileRef = FABCB8A5173397F300907198 /* Row.m */; };
		FABCB8A7173397F300907198 /* Row.m in Sources */ = {isa = PBXBuildFile; fileRef = FABCB8A5173397F300907198 /* Row.m */; };
		FADBE8F71732367500E3DA8D /* CoreData.framework in Frameworks */ = {isa = PBXBuildFile; fileRef = FADBE8F61732367500E3DA8D /* CoreData.framework */; };
		FADBE8FA1732369F00E3DA8D /* Model.xcdatamodeld in Sources */ = {isa = PBXBuildFile; fileRef = FADBE8F81732369F00E3DA8D /* Model.xcdatamodeld */; };
		FADBE8FB1732369F00E3DA8D /* Model.xcdatamodeld in Sources */ = {isa = PBXBuildFile; fileRef = FADBE8F81732369F00E3DA8D /* Model.xcdatamodeld */; };
		FADBE90417323B5800E3DA8D /* CoreData.framework in Frameworks */ = {isa = PBXBuildFile; fileRef = FADBE8F61732367500E3DA8D /* CoreData.framework */; };
		FAE403F3173618DE002F59C6 /* AddressBook.framework in Frameworks */ = {isa = PBXBuildFile; fileRef = FAE403F2173618DE002F59C6 /* AddressBook.framework */; };
		FAE403F4173618F3002F59C6 /* AddressBook.framework in Frameworks */ = {isa = PBXBuildFile; fileRef = FAE403F2173618DE002F59C6 /* AddressBook.framework */; };
		FAE403F6173618FA002F59C6 /* Security.framework in Frameworks */ = {isa = PBXBuildFile; fileRef = FAE403F5173618FA002F59C6 /* Security.framework */; };
		FAE403F717361901002F59C6 /* Security.framework in Frameworks */ = {isa = PBXBuildFile; fileRef = FAE403F5173618FA002F59C6 /* Security.framework */; };
		FAE403F917361910002F59C6 /* AudioToolbox.framework in Frameworks */ = {isa = PBXBuildFile; fileRef = FAE403F817361910002F59C6 /* AudioToolbox.framework */; };
		FAE403FA17361918002F59C6 /* AudioToolbox.framework in Frameworks */ = {isa = PBXBuildFile; fileRef = FAE403F817361910002F59C6 /* AudioToolbox.framework */; };
		FAE54F261733DA7600595565 /* kidscipher_game_zero_result.m4a in Resources */ = {isa = PBXBuildFile; fileRef = FAE54F1F1733DA7600595565 /* kidscipher_game_zero_result.m4a */; };
		FAE54F271733DA7600595565 /* kidscipher_game_zero_result.m4a in Resources */ = {isa = PBXBuildFile; fileRef = FAE54F1F1733DA7600595565 /* kidscipher_game_zero_result.m4a */; };
		FAE54F281733DA7600595565 /* kidscipher_game_success.m4a in Resources */ = {isa = PBXBuildFile; fileRef = FAE54F201733DA7600595565 /* kidscipher_game_success.m4a */; };
		FAE54F291733DA7600595565 /* kidscipher_game_success.m4a in Resources */ = {isa = PBXBuildFile; fileRef = FAE54F201733DA7600595565 /* kidscipher_game_success.m4a */; };
		FAE54F2A1733DA7600595565 /* kidscipher_game_wrong.m4a in Resources */ = {isa = PBXBuildFile; fileRef = FAE54F211733DA7600595565 /* kidscipher_game_wrong.m4a */; };
		FAE54F2B1733DA7600595565 /* kidscipher_game_wrong.m4a in Resources */ = {isa = PBXBuildFile; fileRef = FAE54F211733DA7600595565 /* kidscipher_game_wrong.m4a */; };
		FAE54F2C1733DA7600595565 /* kidscipher_gameplay_main.m4a in Resources */ = {isa = PBXBuildFile; fileRef = FAE54F221733DA7600595565 /* kidscipher_gameplay_main.m4a */; };
		FAE54F2D1733DA7600595565 /* kidscipher_gameplay_main.m4a in Resources */ = {isa = PBXBuildFile; fileRef = FAE54F221733DA7600595565 /* kidscipher_gameplay_main.m4a */; };
		FAE54F2E1733DA7600595565 /* kidscipher_return_image_outside_row_or_cancel_drag.m4a in Resources */ = {isa = PBXBuildFile; fileRef = FAE54F231733DA7600595565 /* kidscipher_return_image_outside_row_or_cancel_drag.m4a */; };
		FAE54F2F1733DA7600595565 /* kidscipher_return_image_outside_row_or_cancel_drag.m4a in Resources */ = {isa = PBXBuildFile; fileRef = FAE54F231733DA7600595565 /* kidscipher_return_image_outside_row_or_cancel_drag.m4a */; };
		FAE54F301733DA7600595565 /* kidscipher_fix_image_inside_row.m4a in Resources */ = {isa = PBXBuildFile; fileRef = FAE54F241733DA7600595565 /* kidscipher_fix_image_inside_row.m4a */; };
		FAE54F311733DA7600595565 /* kidscipher_fix_image_inside_row.m4a in Resources */ = {isa = PBXBuildFile; fileRef = FAE54F241733DA7600595565 /* kidscipher_fix_image_inside_row.m4a */; };
		FAE54F321733DA7600595565 /* kidscipher_start_drag.m4a in Resources */ = {isa = PBXBuildFile; fileRef = FAE54F251733DA7600595565 /* kidscipher_start_drag.m4a */; };
		FAE54F331733DA7600595565 /* kidscipher_start_drag.m4a in Resources */ = {isa = PBXBuildFile; fileRef = FAE54F251733DA7600595565 /* kidscipher_start_drag.m4a */; };
		FAE54F351733DAEC00595565 /* kidscipher_phone_music_vmeste_veselo_shagat.mp3 in Resources */ = {isa = PBXBuildFile; fileRef = FAE54F341733DAEC00595565 /* kidscipher_phone_music_vmeste_veselo_shagat.mp3 */; };
		FAE54F361733DAEC00595565 /* kidscipher_phone_music_vmeste_veselo_shagat.mp3 in Resources */ = {isa = PBXBuildFile; fileRef = FAE54F341733DAEC00595565 /* kidscipher_phone_music_vmeste_veselo_shagat.mp3 */; };
		FAE54F381733DBFD00595565 /* AVFoundation.framework in Frameworks */ = {isa = PBXBuildFile; fileRef = FAE54F371733DBFD00595565 /* AVFoundation.framework */; };
		FAE54F391733DC0600595565 /* AVFoundation.framework in Frameworks */ = {isa = PBXBuildFile; fileRef = FAE54F371733DBFD00595565 /* AVFoundation.framework */; };
		FAE54FB21736018A00595565 /* Ipad_logo1024_1024 _girl_57x57.png in Resources */ = {isa = PBXBuildFile; fileRef = FAE54FB11736018A00595565 /* Ipad_logo1024_1024 _girl_57x57.png */; };
		FAE54FB41736019100595565 /* Ipad_logo1024_1024 _girl_114x114.png in Resources */ = {isa = PBXBuildFile; fileRef = FAE54FB31736019100595565 /* Ipad_logo1024_1024 _girl_114x114.png */; };
		FAE54FB61736019700595565 /* Ipad_logo1024_1024 _girl_72x72.png in Resources */ = {isa = PBXBuildFile; fileRef = FAE54FB51736019700595565 /* Ipad_logo1024_1024 _girl_72x72.png */; };
		FAE54FB81736019E00595565 /* Ipad_logo1024_1024 _girl_144x144.png in Resources */ = {isa = PBXBuildFile; fileRef = FAE54FB71736019E00595565 /* Ipad_logo1024_1024 _girl_144x144.png */; };
		FAE54FBA173601A800595565 /* Ipad_logo1024_1024_boy_144x144.png in Resources */ = {isa = PBXBuildFile; fileRef = FAE54FB9173601A800595565 /* Ipad_logo1024_1024_boy_144x144.png */; };
		FAE54FBC173601AD00595565 /* Ipad_logo1024_1024_boy_72x72.png in Resources */ = {isa = PBXBuildFile; fileRef = FAE54FBB173601AD00595565 /* Ipad_logo1024_1024_boy_72x72.png */; };
		FAE54FBE173601B700595565 /* Ipad_logo1024_1024_boy_114x114.png in Resources */ = {isa = PBXBuildFile; fileRef = FAE54FBD173601B700595565 /* Ipad_logo1024_1024_boy_114x114.png */; };
		FAE54FC0173601BB00595565 /* Ipad_logo1024_1024_boy_57x57.png in Resources */ = {isa = PBXBuildFile; fileRef = FAE54FBF173601BB00595565 /* Ipad_logo1024_1024_boy_57x57.png */; };
		FAF3438A172FC3E900C282D5 /* main.m in Sources */ = {isa = PBXBuildFile; fileRef = FAAA369B172E4D7A00C55968 /* main.m */; };
		FAF3438B172FC3E900C282D5 /* CipherAppDelegate.m in Sources */ = {isa = PBXBuildFile; fileRef = FAAA369F172E4D7A00C55968 /* CipherAppDelegate.m */; };
		FAF3438C172FC3E900C282D5 /* CipherViewController.m in Sources */ = {isa = PBXBuildFile; fileRef = FAAA36AE172E4D7A00C55968 /* CipherViewController.m */; };
		FAF3438D172FC3E900C282D5 /* AVImageView.m in Sources */ = {isa = PBXBuildFile; fileRef = FAAA36B6172E520400C55968 /* AVImageView.m */; };
		FAF3438E172FC3E900C282D5 /* CipherInfoViewController.m in Sources */ = {isa = PBXBuildFile; fileRef = FAAA36B9172E525D00C55968 /* CipherInfoViewController.m */; };
		FAF34391172FC3E900C282D5 /* QuartzCore.framework in Frameworks */ = {isa = PBXBuildFile; fileRef = FAFD5C4D172E5FF7005F47E2 /* QuartzCore.framework */; };
		FAF34392172FC3E900C282D5 /* UIKit.framework in Frameworks */ = {isa = PBXBuildFile; fileRef = FAAA368F172E4D7A00C55968 /* UIKit.framework */; };
		FAF34393172FC3E900C282D5 /* Foundation.framework in Frameworks */ = {isa = PBXBuildFile; fileRef = FAAA3691172E4D7A00C55968 /* Foundation.framework */; };
		FAF34394172FC3E900C282D5 /* CoreGraphics.framework in Frameworks */ = {isa = PBXBuildFile; fileRef = FAAA3693172E4D7A00C55968 /* CoreGraphics.framework */; };
		FAF34396172FC3E900C282D5 /* InfoPlist.strings in Resources */ = {isa = PBXBuildFile; fileRef = FAAA3698172E4D7A00C55968 /* InfoPlist.strings */; };
		FAF34397172FC3E900C282D5 /* Default.png in Resources */ = {isa = PBXBuildFile; fileRef = FAAA36A1172E4D7A00C55968 /* Default.png */; };
		FAF34398172FC3E900C282D5 /* Default@2x.png in Resources */ = {isa = PBXBuildFile; fileRef = FAAA36A3172E4D7A00C55968 /* Default@2x.png */; };
		FAF34399172FC3E900C282D5 /* Default-568h@2x.png in Resources */ = {isa = PBXBuildFile; fileRef = FAAA36A5172E4D7A00C55968 /* Default-568h@2x.png */; };
		FAF3439A172FC3E900C282D5 /* MainStoryboard_iPhone.storyboard in Resources */ = {isa = PBXBuildFile; fileRef = FAAA36A7172E4D7A00C55968 /* MainStoryboard_iPhone.storyboard */; };
		FAF3439B172FC3E900C282D5 /* MainStoryboard_iPad.storyboard in Resources */ = {isa = PBXBuildFile; fileRef = FAAA36AA172E4D7A00C55968 /* MainStoryboard_iPad.storyboard */; };
		FAF3439C172FC3E900C282D5 /* 1.png in Resources */ = {isa = PBXBuildFile; fileRef = FAAA36BF172E53D000C55968 /* 1.png */; };
		FAF3439D172FC3E900C282D5 /* 2.png in Resources */ = {isa = PBXBuildFile; fileRef = FAAA36C0172E53D000C55968 /* 2.png */; };
		FAF3439E172FC3E900C282D5 /* 3.png in Resources */ = {isa = PBXBuildFile; fileRef = FAAA36C1172E53D000C55968 /* 3.png */; };
		FAF3439F172FC3E900C282D5 /* 4.png in Resources */ = {isa = PBXBuildFile; fileRef = FAAA36C2172E53D000C55968 /* 4.png */; };
		FAF343A0172FC3E900C282D5 /* 5.png in Resources */ = {isa = PBXBuildFile; fileRef = FAAA36C3172E53D000C55968 /* 5.png */; };
		FAF343A1172FC3E900C282D5 /* safe.jpg in Resources */ = {isa = PBXBuildFile; fileRef = FAFD5C4B172E5A78005F47E2 /* safe.jpg */; };
		FAF343A2172FC3E900C282D5 /* ava.png in Resources */ = {isa = PBXBuildFile; fileRef = FA4580FA172EE41800180886 /* ava.png */; };
		FAFD5C4C172E5A78005F47E2 /* safe.jpg in Resources */ = {isa = PBXBuildFile; fileRef = FAFD5C4B172E5A78005F47E2 /* safe.jpg */; };
		FAFD5C4E172E5FF7005F47E2 /* QuartzCore.framework in Frameworks */ = {isa = PBXBuildFile; fileRef = FAFD5C4D172E5FF7005F47E2 /* QuartzCore.framework */; };
/* End PBXBuildFile section */

/* Begin PBXFileReference section */
		FA0C2558174E70E300C942BC /* main_background.png */ = {isa = PBXFileReference; lastKnownFileType = image.png; path = main_background.png; sourceTree = "<group>"; };
		FA0C255A174E77D200C942BC /* button_flower_game.png */ = {isa = PBXFileReference; lastKnownFileType = image.png; path = button_flower_game.png; sourceTree = "<group>"; };
		FA0C255D174E785000C942BC /* active_field_game.png */ = {isa = PBXFileReference; lastKnownFileType = image.png; path = active_field_game.png; sourceTree = "<group>"; };
		FA0C255F174E78F900C942BC /* button_flower_blue_active.png */ = {isa = PBXFileReference; lastKnownFileType = image.png; path = button_flower_blue_active.png; sourceTree = "<group>"; };
		FA0C2562174E790700C942BC /* button_flower_green_active.png */ = {isa = PBXFileReference; lastKnownFileType = image.png; path = button_flower_green_active.png; sourceTree = "<group>"; };
		FA0C2564174E791A00C942BC /* button_flower_red_active.png */ = {isa = PBXFileReference; lastKnownFileType = image.png; path = button_flower_red_active.png; sourceTree = "<group>"; };
		FA0C2566174E792800C942BC /* button_flower_violet_active.png */ = {isa = PBXFileReference; lastKnownFileType = image.png; path = button_flower_violet_active.png; sourceTree = "<group>"; };
		FA0C2568174E793000C942BC /* button_flower_yellow_active.png */ = {isa = PBXFileReference; lastKnownFileType = image.png; path = button_flower_yellow_active.png; sourceTree = "<group>"; };
		FA0C256A174E793A00C942BC /* button_info.png */ = {isa = PBXFileReference; lastKnownFileType = image.png; path = button_info.png; sourceTree = "<group>"; };
		FA0C256C174E83A900C942BC /* button_lock.png */ = {isa = PBXFileReference; lastKnownFileType = image.png; path = button_lock.png; sourceTree = "<group>"; };
		FA0C256E174E847E00C942BC /* lock_field_game.png */ = {isa = PBXFileReference; lastKnownFileType = image.png; path = lock_field_game.png; sourceTree = "<group>"; };
		FA4580FA172EE41800180886 /* ava.png */ = {isa = PBXFileReference; lastKnownFileType = image.png; path = ava.png; sourceTree = "<group>"; };
		FA803CAC173424420053C881 /* CipherInfoViewCell.h */ = {isa = PBXFileReference; fileEncoding = 4; lastKnownFileType = sourcecode.c.h; path = CipherInfoViewCell.h; sourceTree = "<group>"; };
		FA803CAD173424420053C881 /* CipherInfoViewCell.m */ = {isa = PBXFileReference; fileEncoding = 4; lastKnownFileType = sourcecode.c.objc; path = CipherInfoViewCell.m; sourceTree = "<group>"; };
		FA803CCB173428B20053C881 /* en */ = {isa = PBXFileReference; lastKnownFileType = text.plist.strings; name = en; path = en.lproj/Localizable.strings; sourceTree = "<group>"; };
		FA803CCD173428BD0053C881 /* ru */ = {isa = PBXFileReference; lastKnownFileType = text.plist.strings; name = ru; path = ru.lproj/Localizable.strings; sourceTree = "<group>"; };
		FA803CCE173428D50053C881 /* ja */ = {isa = PBXFileReference; lastKnownFileType = text.plist.strings; name = ja; path = ja.lproj/Localizable.strings; sourceTree = "<group>"; };
		FA803CCF1734292D0053C881 /* zh-Hans */ = {isa = PBXFileReference; lastKnownFileType = text.plist.strings; name = "zh-Hans"; path = "zh-Hans.lproj/Localizable.strings"; sourceTree = "<group>"; };
		FA803CD01734293C0053C881 /* ar */ = {isa = PBXFileReference; lastKnownFileType = text.plist.strings; name = ar; path = ar.lproj/Localizable.strings; sourceTree = "<group>"; };
		FA803CD11734294E0053C881 /* ko */ = {isa = PBXFileReference; lastKnownFileType = text.plist.strings; name = ko; path = ko.lproj/Localizable.strings; sourceTree = "<group>"; };
		FA803CD2173429C70053C881 /* es */ = {isa = PBXFileReference; lastKnownFileType = text.plist.strings; name = es; path = es.lproj/Localizable.strings; sourceTree = "<group>"; };
		FA803CD3173429DE0053C881 /* pt */ = {isa = PBXFileReference; lastKnownFileType = text.plist.strings; name = pt; path = pt.lproj/Localizable.strings; sourceTree = "<group>"; };
		FA803CD4173429E70053C881 /* de */ = {isa = PBXFileReference; lastKnownFileType = text.plist.strings; name = de; path = de.lproj/Localizable.strings; sourceTree = "<group>"; };
		FA803CD517342A0B0053C881 /* fr */ = {isa = PBXFileReference; lastKnownFileType = text.plist.strings; name = fr; path = fr.lproj/Localizable.strings; sourceTree = "<group>"; };
		FA803CD617342A1C0053C881 /* tr */ = {isa = PBXFileReference; lastKnownFileType = text.plist.strings; name = tr; path = tr.lproj/Localizable.strings; sourceTree = "<group>"; };
		FA803CD717342A530053C881 /* it-IT */ = {isa = PBXFileReference; lastKnownFileType = text.plist.strings; name = "it-IT"; path = "it-IT.lproj/Localizable.strings"; sourceTree = "<group>"; };
		FA803CD817342F110053C881 /* GamesHistory.h */ = {isa = PBXFileReference; fileEncoding = 4; lastKnownFileType = sourcecode.c.h; path = GamesHistory.h; sourceTree = "<group>"; };
		FA803CD917342F110053C881 /* GamesHistory.m */ = {isa = PBXFileReference; fileEncoding = 4; lastKnownFileType = sourcecode.c.objc; path = GamesHistory.m; sourceTree = "<group>"; };
		FA803CDC17343BFB0053C881 /* Game.h */ = {isa = PBXFileReference; fileEncoding = 4; lastKnownFileType = sourcecode.c.h; path = Game.h; sourceTree = "<group>"; };
		FA803CDD17343BFB0053C881 /* Game.m */ = {isa = PBXFileReference; fileEncoding = 4; lastKnownFileType = sourcecode.c.objc; path = Game.m; sourceTree = "<group>"; };
		FA9267EE17361CC60029ACB5 /* webcob.p12 */ = {isa = PBXFileReference; lastKnownFileType = file; path = webcob.p12; sourceTree = "<group>"; };
		FA9267F41736CF600029ACB5 /* GameScore.h */ = {isa = PBXFileReference; fileEncoding = 4; lastKnownFileType = sourcecode.c.h; path = GameScore.h; sourceTree = "<group>"; };
		FA9267F51736CF600029ACB5 /* GameScore.m */ = {isa = PBXFileReference; fileEncoding = 4; lastKnownFileType = sourcecode.c.objc; path = GameScore.m; sourceTree = "<group>"; };
		FAAA368C172E4D7A00C55968 /* KidsCipher.app */ = {isa = PBXFileReference; explicitFileType = wrapper.application; includeInIndex = 0; path = KidsCipher.app; sourceTree = BUILT_PRODUCTS_DIR; };
		FAAA368F172E4D7A00C55968 /* UIKit.framework */ = {isa = PBXFileReference; lastKnownFileType = wrapper.framework; name = UIKit.framework; path = System/Library/Frameworks/UIKit.framework; sourceTree = SDKROOT; };
		FAAA3691172E4D7A00C55968 /* Foundation.framework */ = {isa = PBXFileReference; lastKnownFileType = wrapper.framework; name = Foundation.framework; path = System/Library/Frameworks/Foundation.framework; sourceTree = SDKROOT; };
		FAAA3693172E4D7A00C55968 /* CoreGraphics.framework */ = {isa = PBXFileReference; lastKnownFileType = wrapper.framework; name = CoreGraphics.framework; path = System/Library/Frameworks/CoreGraphics.framework; sourceTree = SDKROOT; };
		FAAA3697172E4D7A00C55968 /* KidsCipher-Info.plist */ = {isa = PBXFileReference; lastKnownFileType = text.plist.xml; path = "KidsCipher-Info.plist"; sourceTree = "<group>"; };
		FAAA3699172E4D7A00C55968 /* en */ = {isa = PBXFileReference; lastKnownFileType = text.plist.strings; name = en; path = en.lproj/InfoPlist.strings; sourceTree = "<group>"; };
		FAAA369B172E4D7A00C55968 /* main.m */ = {isa = PBXFileReference; lastKnownFileType = sourcecode.c.objc; path = main.m; sourceTree = "<group>"; };
		FAAA369D172E4D7A00C55968 /* KidsCipher-Prefix.pch */ = {isa = PBXFileReference; lastKnownFileType = sourcecode.c.h; path = "KidsCipher-Prefix.pch"; sourceTree = "<group>"; };
		FAAA369E172E4D7A00C55968 /* CipherAppDelegate.h */ = {isa = PBXFileReference; lastKnownFileType = sourcecode.c.h; path = CipherAppDelegate.h; sourceTree = "<group>"; };
		FAAA369F172E4D7A00C55968 /* CipherAppDelegate.m */ = {isa = PBXFileReference; lastKnownFileType = sourcecode.c.objc; path = CipherAppDelegate.m; sourceTree = "<group>"; };
		FAAA36A1172E4D7A00C55968 /* Default.png */ = {isa = PBXFileReference; lastKnownFileType = image.png; path = Default.png; sourceTree = "<group>"; };
		FAAA36A3172E4D7A00C55968 /* Default@2x.png */ = {isa = PBXFileReference; lastKnownFileType = image.png; path = "Default@2x.png"; sourceTree = "<group>"; };
		FAAA36A5172E4D7A00C55968 /* Default-568h@2x.png */ = {isa = PBXFileReference; lastKnownFileType = image.png; path = "Default-568h@2x.png"; sourceTree = "<group>"; };
		FAAA36A8172E4D7A00C55968 /* en */ = {isa = PBXFileReference; lastKnownFileType = file.storyboard; name = en; path = en.lproj/MainStoryboard_iPhone.storyboard; sourceTree = "<group>"; };
		FAAA36AB172E4D7A00C55968 /* en */ = {isa = PBXFileReference; lastKnownFileType = file.storyboard; name = en; path = en.lproj/MainStoryboard_iPad.storyboard; sourceTree = "<group>"; };
		FAAA36AD172E4D7A00C55968 /* CipherViewController.h */ = {isa = PBXFileReference; lastKnownFileType = sourcecode.c.h; path = CipherViewController.h; sourceTree = "<group>"; };
		FAAA36AE172E4D7A00C55968 /* CipherViewController.m */ = {isa = PBXFileReference; lastKnownFileType = sourcecode.c.objc; path = CipherViewController.m; sourceTree = "<group>"; };
		FAAA36B5172E520400C55968 /* AVImageView.h */ = {isa = PBXFileReference; fileEncoding = 4; lastKnownFileType = sourcecode.c.h; path = AVImageView.h; sourceTree = "<group>"; };
		FAAA36B6172E520400C55968 /* AVImageView.m */ = {isa = PBXFileReference; fileEncoding = 4; lastKnownFileType = sourcecode.c.objc; path = AVImageView.m; sourceTree = "<group>"; };
		FAAA36B8172E525D00C55968 /* CipherInfoViewController.h */ = {isa = PBXFileReference; fileEncoding = 4; lastKnownFileType = sourcecode.c.h; path = CipherInfoViewController.h; sourceTree = "<group>"; };
		FAAA36B9172E525D00C55968 /* CipherInfoViewController.m */ = {isa = PBXFileReference; fileEncoding = 4; lastKnownFileType = sourcecode.c.objc; path = CipherInfoViewController.m; sourceTree = "<group>"; };
		FAAA36BF172E53D000C55968 /* 1.png */ = {isa = PBXFileReference; lastKnownFileType = image.png; path = 1.png; sourceTree = "<group>"; };
		FAAA36C0172E53D000C55968 /* 2.png */ = {isa = PBXFileReference; lastKnownFileType = image.png; path = 2.png; sourceTree = "<group>"; };
		FAAA36C1172E53D000C55968 /* 3.png */ = {isa = PBXFileReference; lastKnownFileType = image.png; path = 3.png; sourceTree = "<group>"; };
		FAAA36C2172E53D000C55968 /* 4.png */ = {isa = PBXFileReference; lastKnownFileType = image.png; path = 4.png; sourceTree = "<group>"; };
		FAAA36C3172E53D000C55968 /* 5.png */ = {isa = PBXFileReference; lastKnownFileType = image.png; path = 5.png; sourceTree = "<group>"; };
		FABCB8A11733220F00907198 /* vmeste_veselo_shagat.mp3 */ = {isa = PBXFileReference; lastKnownFileType = audio.mp3; path = vmeste_veselo_shagat.mp3; sourceTree = "<group>"; };
		FABCB8A4173397F300907198 /* Row.h */ = {isa = PBXFileReference; fileEncoding = 4; lastKnownFileType = sourcecode.c.h; path = Row.h; sourceTree = "<group>"; };
		FABCB8A5173397F300907198 /* Row.m */ = {isa = PBXFileReference; fileEncoding = 4; lastKnownFileType = sourcecode.c.objc; path = Row.m; sourceTree = "<group>"; };
		FADBE8F61732367500E3DA8D /* CoreData.framework */ = {isa = PBXFileReference; lastKnownFileType = wrapper.framework; name = CoreData.framework; path = System/Library/Frameworks/CoreData.framework; sourceTree = SDKROOT; };
		FADBE8F91732369F00E3DA8D /* Model.xcdatamodel */ = {isa = PBXFileReference; lastKnownFileType = wrapper.xcdatamodel; path = Model.xcdatamodel; sourceTree = "<group>"; };
		FAE403F2173618DE002F59C6 /* AddressBook.framework */ = {isa = PBXFileReference; lastKnownFileType = wrapper.framework; name = AddressBook.framework; path = System/Library/Frameworks/AddressBook.framework; sourceTree = SDKROOT; };
		FAE403F5173618FA002F59C6 /* Security.framework */ = {isa = PBXFileReference; lastKnownFileType = wrapper.framework; name = Security.framework; path = System/Library/Frameworks/Security.framework; sourceTree = SDKROOT; };
		FAE403F817361910002F59C6 /* AudioToolbox.framework */ = {isa = PBXFileReference; lastKnownFileType = wrapper.framework; name = AudioToolbox.framework; path = System/Library/Frameworks/AudioToolbox.framework; sourceTree = SDKROOT; };
		FAE54F1F1733DA7600595565 /* kidscipher_game_zero_result.m4a */ = {isa = PBXFileReference; lastKnownFileType = file; path = kidscipher_game_zero_result.m4a; sourceTree = "<group>"; };
		FAE54F201733DA7600595565 /* kidscipher_game_success.m4a */ = {isa = PBXFileReference; lastKnownFileType = file; path = kidscipher_game_success.m4a; sourceTree = "<group>"; };
		FAE54F211733DA7600595565 /* kidscipher_game_wrong.m4a */ = {isa = PBXFileReference; lastKnownFileType = file; path = kidscipher_game_wrong.m4a; sourceTree = "<group>"; };
		FAE54F221733DA7600595565 /* kidscipher_gameplay_main.m4a */ = {isa = PBXFileReference; lastKnownFileType = file; path = kidscipher_gameplay_main.m4a; sourceTree = "<group>"; };
		FAE54F231733DA7600595565 /* kidscipher_return_image_outside_row_or_cancel_drag.m4a */ = {isa = PBXFileReference; lastKnownFileType = file; path = kidscipher_return_image_outside_row_or_cancel_drag.m4a; sourceTree = "<group>"; };
		FAE54F241733DA7600595565 /* kidscipher_fix_image_inside_row.m4a */ = {isa = PBXFileReference; lastKnownFileType = file; path = kidscipher_fix_image_inside_row.m4a; sourceTree = "<group>"; };
		FAE54F251733DA7600595565 /* kidscipher_start_drag.m4a */ = {isa = PBXFileReference; lastKnownFileType = file; path = kidscipher_start_drag.m4a; sourceTree = "<group>"; };
		FAE54F341733DAEC00595565 /* kidscipher_phone_music_vmeste_veselo_shagat.mp3 */ = {isa = PBXFileReference; lastKnownFileType = audio.mp3; path = kidscipher_phone_music_vmeste_veselo_shagat.mp3; sourceTree = "<group>"; };
		FAE54F371733DBFD00595565 /* AVFoundation.framework */ = {isa = PBXFileReference; lastKnownFileType = wrapper.framework; name = AVFoundation.framework; path = System/Library/Frameworks/AVFoundation.framework; sourceTree = SDKROOT; };
		FAE54FAF1735FF6500595565 /* Ipad_logo1024_1024 _girl.png */ = {isa = PBXFileReference; lastKnownFileType = image.png; path = "Ipad_logo1024_1024 _girl.png"; sourceTree = "<group>"; };
		FAE54FB01735FF7100595565 /* Ipad_logo1024_1024_boy.png */ = {isa = PBXFileReference; lastKnownFileType = image.png; path = Ipad_logo1024_1024_boy.png; sourceTree = "<group>"; };
		FAE54FB11736018A00595565 /* Ipad_logo1024_1024 _girl_57x57.png */ = {isa = PBXFileReference; lastKnownFileType = image.png; name = "Ipad_logo1024_1024 _girl_57x57.png"; path = "../../Ipad_logo1024_1024 _girl_57x57.png"; sourceTree = "<group>"; };
		FAE54FB31736019100595565 /* Ipad_logo1024_1024 _girl_114x114.png */ = {isa = PBXFileReference; lastKnownFileType = image.png; name = "Ipad_logo1024_1024 _girl_114x114.png"; path = "../../Ipad_logo1024_1024 _girl_114x114.png"; sourceTree = "<group>"; };
		FAE54FB51736019700595565 /* Ipad_logo1024_1024 _girl_72x72.png */ = {isa = PBXFileReference; lastKnownFileType = image.png; name = "Ipad_logo1024_1024 _girl_72x72.png"; path = "../../Ipad_logo1024_1024 _girl_72x72.png"; sourceTree = "<group>"; };
		FAE54FB71736019E00595565 /* Ipad_logo1024_1024 _girl_144x144.png */ = {isa = PBXFileReference; lastKnownFileType = image.png; name = "Ipad_logo1024_1024 _girl_144x144.png"; path = "../../Ipad_logo1024_1024 _girl_144x144.png"; sourceTree = "<group>"; };
		FAE54FB9173601A800595565 /* Ipad_logo1024_1024_boy_144x144.png */ = {isa = PBXFileReference; lastKnownFileType = image.png; name = Ipad_logo1024_1024_boy_144x144.png; path = ../../Ipad_logo1024_1024_boy_144x144.png; sourceTree = "<group>"; };
		FAE54FBB173601AD00595565 /* Ipad_logo1024_1024_boy_72x72.png */ = {isa = PBXFileReference; lastKnownFileType = image.png; name = Ipad_logo1024_1024_boy_72x72.png; path = ../../Ipad_logo1024_1024_boy_72x72.png; sourceTree = "<group>"; };
		FAE54FBD173601B700595565 /* Ipad_logo1024_1024_boy_114x114.png */ = {isa = PBXFileReference; lastKnownFileType = image.png; name = Ipad_logo1024_1024_boy_114x114.png; path = ../../Ipad_logo1024_1024_boy_114x114.png; sourceTree = "<group>"; };
		FAE54FBF173601BB00595565 /* Ipad_logo1024_1024_boy_57x57.png */ = {isa = PBXFileReference; lastKnownFileType = image.png; name = Ipad_logo1024_1024_boy_57x57.png; path = ../../Ipad_logo1024_1024_boy_57x57.png; sourceTree = "<group>"; };
		FAF343AE172FC3E900C282D5 /* KidsCipherB.app */ = {isa = PBXFileReference; explicitFileType = wrapper.application; includeInIndex = 0; path = KidsCipherB.app; sourceTree = BUILT_PRODUCTS_DIR; };
		FAF343AF172FC3E900C282D5 /* KidsCipher copy-Info.plist */ = {isa = PBXFileReference; lastKnownFileType = text.plist.xml; name = "KidsCipher copy-Info.plist"; path = "/Users/alex/Desktop/KidsCipher/KidsCipher copy-Info.plist"; sourceTree = "<absolute>"; };
		FAFD5C4B172E5A78005F47E2 /* safe.jpg */ = {isa = PBXFileReference; lastKnownFileType = image.jpeg; path = safe.jpg; sourceTree = "<group>"; };
		FAFD5C4D172E5FF7005F47E2 /* QuartzCore.framework */ = {isa = PBXFileReference; lastKnownFileType = wrapper.framework; name = QuartzCore.framework; path = System/Library/Frameworks/QuartzCore.framework; sourceTree = SDKROOT; };
/* End PBXFileReference section */

/* Begin PBXFrameworksBuildPhase section */
		FAAA3689172E4D7A00C55968 /* Frameworks */ = {
			isa = PBXFrameworksBuildPhase;
			buildActionMask = 2147483647;
			files = (
				FAE403F917361910002F59C6 /* AudioToolbox.framework in Frameworks */,
				FAE403F717361901002F59C6 /* Security.framework in Frameworks */,
				FAE403F3173618DE002F59C6 /* AddressBook.framework in Frameworks */,
				FAE54F381733DBFD00595565 /* AVFoundation.framework in Frameworks */,
				FADBE8F71732367500E3DA8D /* CoreData.framework in Frameworks */,
				FAFD5C4E172E5FF7005F47E2 /* QuartzCore.framework in Frameworks */,
				FAAA3690172E4D7A00C55968 /* UIKit.framework in Frameworks */,
				FAAA3692172E4D7A00C55968 /* Foundation.framework in Frameworks */,
				FAAA3694172E4D7A00C55968 /* CoreGraphics.framework in Frameworks */,
			);
			runOnlyForDeploymentPostprocessing = 0;
		};
		FAF34390172FC3E900C282D5 /* Frameworks */ = {
			isa = PBXFrameworksBuildPhase;
			buildActionMask = 2147483647;
			files = (
				FAE403FA17361918002F59C6 /* AudioToolbox.framework in Frameworks */,
				FAE403F6173618FA002F59C6 /* Security.framework in Frameworks */,
				FAE403F4173618F3002F59C6 /* AddressBook.framework in Frameworks */,
				FAE54F391733DC0600595565 /* AVFoundation.framework in Frameworks */,
				FADBE90417323B5800E3DA8D /* CoreData.framework in Frameworks */,
				FAF34391172FC3E900C282D5 /* QuartzCore.framework in Frameworks */,
				FAF34392172FC3E900C282D5 /* UIKit.framework in Frameworks */,
				FAF34393172FC3E900C282D5 /* Foundation.framework in Frameworks */,
				FAF34394172FC3E900C282D5 /* CoreGraphics.framework in Frameworks */,
			);
			runOnlyForDeploymentPostprocessing = 0;
		};
/* End PBXFrameworksBuildPhase section */

/* Begin PBXGroup section */
		FAAA3683172E4D7A00C55968 = {
			isa = PBXGroup;
			children = (
				FAAA3695172E4D7A00C55968 /* KidsCipher */,
				FAAA368E172E4D7A00C55968 /* Frameworks */,
				FAAA368D172E4D7A00C55968 /* Products */,
			);
			sourceTree = "<group>";
		};
		FAAA368D172E4D7A00C55968 /* Products */ = {
			isa = PBXGroup;
			children = (
				FAAA368C172E4D7A00C55968 /* KidsCipher.app */,
				FAF343AE172FC3E900C282D5 /* KidsCipherB.app */,
			);
			name = Products;
			sourceTree = "<group>";
		};
		FAAA368E172E4D7A00C55968 /* Frameworks */ = {
			isa = PBXGroup;
			children = (
				FAE403F817361910002F59C6 /* AudioToolbox.framework */,
				FAE403F5173618FA002F59C6 /* Security.framework */,
				FAE403F2173618DE002F59C6 /* AddressBook.framework */,
				FAE54F371733DBFD00595565 /* AVFoundation.framework */,
				FAE54F371733DBFD00595565 /* AVFoundation.framework */,
				FADBE8F61732367500E3DA8D /* CoreData.framework */,
				FAFD5C4D172E5FF7005F47E2 /* QuartzCore.framework */,
				FAAA368F172E4D7A00C55968 /* UIKit.framework */,
				FAAA3691172E4D7A00C55968 /* Foundation.framework */,
				FAAA3693172E4D7A00C55968 /* CoreGraphics.framework */,
			);
			name = Frameworks;
			sourceTree = "<group>";
		};
		FAAA3695172E4D7A00C55968 /* KidsCipher */ = {
			isa = PBXGroup;
			children = (
				FAAA369E172E4D7A00C55968 /* CipherAppDelegate.h */,
				FAAA369F172E4D7A00C55968 /* CipherAppDelegate.m */,
				FAAA36A7172E4D7A00C55968 /* MainStoryboard_iPhone.storyboard */,
				FAAA36AA172E4D7A00C55968 /* MainStoryboard_iPad.storyboard */,
				FAAA36AD172E4D7A00C55968 /* CipherViewController.h */,
				FAAA36AE172E4D7A00C55968 /* CipherViewController.m */,
				FA803CAC173424420053C881 /* CipherInfoViewCell.h */,
				FA803CAD173424420053C881 /* CipherInfoViewCell.m */,
				FAAA36B8172E525D00C55968 /* CipherInfoViewController.h */,
				FAAA36B9172E525D00C55968 /* CipherInfoViewController.m */,
				FAAA36B5172E520400C55968 /* AVImageView.h */,
				FAAA36B6172E520400C55968 /* AVImageView.m */,
				FAFD5C4F172E628F005F47E2 /* Model */,
				FAAA3696172E4D7A00C55968 /* Supporting Files */,
			);
			path = KidsCipher;
			sourceTree = "<group>";
		};
		FAAA3696172E4D7A00C55968 /* Supporting Files */ = {
			isa = PBXGroup;
			children = (
				FABCB8A01733220F00907198 /* Voice */,
				FAAA36BE172E53C700C55968 /* Pics */,
				FAAA3697172E4D7A00C55968 /* KidsCipher-Info.plist */,
				FA9267EE17361CC60029ACB5 /* webcob.p12 */,
				FAF343AF172FC3E900C282D5 /* KidsCipher copy-Info.plist */,
				FAAA3698172E4D7A00C55968 /* InfoPlist.strings */,
				FAAA369B172E4D7A00C55968 /* main.m */,
				FA803CCC173428B20053C881 /* Localizable.strings */,
				FAAA369D172E4D7A00C55968 /* KidsCipher-Prefix.pch */,
				FAAA36A1172E4D7A00C55968 /* Default.png */,
				FAAA36A3172E4D7A00C55968 /* Default@2x.png */,
				FAAA36A5172E4D7A00C55968 /* Default-568h@2x.png */,
			);
			name = "Supporting Files";
			sourceTree = "<group>";
		};
		FAAA36BE172E53C700C55968 /* Pics */ = {
			isa = PBXGroup;
			children = (
				FA0C2558174E70E300C942BC /* main_background.png */,
				FA0C255A174E77D200C942BC /* button_flower_game.png */,
				FA0C255D174E785000C942BC /* active_field_game.png */,
				FA0C255F174E78F900C942BC /* button_flower_blue_active.png */,
				FA0C2562174E790700C942BC /* button_flower_green_active.png */,
				FA0C2564174E791A00C942BC /* button_flower_red_active.png */,
				FA0C2566174E792800C942BC /* button_flower_violet_active.png */,
				FA0C2568174E793000C942BC /* button_flower_yellow_active.png */,
				FA0C256A174E793A00C942BC /* button_info.png */,
				FA0C256C174E83A900C942BC /* button_lock.png */,
				FA0C256E174E847E00C942BC /* lock_field_game.png */,
				FAE54FBF173601BB00595565 /* Ipad_logo1024_1024_boy_57x57.png */,
				FAE54FBD173601B700595565 /* Ipad_logo1024_1024_boy_114x114.png */,
				FAE54FBB173601AD00595565 /* Ipad_logo1024_1024_boy_72x72.png */,
				FAE54FB9173601A800595565 /* Ipad_logo1024_1024_boy_144x144.png */,
				FAE54FB71736019E00595565 /* Ipad_logo1024_1024 _girl_144x144.png */,
				FAE54FB51736019700595565 /* Ipad_logo1024_1024 _girl_72x72.png */,
				FAE54FB31736019100595565 /* Ipad_logo1024_1024 _girl_114x114.png */,
				FAE54FB11736018A00595565 /* Ipad_logo1024_1024 _girl_57x57.png */,
				FAE54FB01735FF7100595565 /* Ipad_logo1024_1024_boy.png */,
				FAE54FAF1735FF6500595565 /* Ipad_logo1024_1024 _girl.png */,
				FA4580FA172EE41800180886 /* ava.png */,
				FAAA36BF172E53D000C55968 /* 1.png */,
				FAAA36C0172E53D000C55968 /* 2.png */,
				FAAA36C1172E53D000C55968 /* 3.png */,
				FAAA36C2172E53D000C55968 /* 4.png */,
				FAAA36C3172E53D000C55968 /* 5.png */,
				FAFD5C4B172E5A78005F47E2 /* safe.jpg */,
			);
			path = Pics;
			sourceTree = "<group>";
		};
		FABCB8A01733220F00907198 /* Voice */ = {
			isa = PBXGroup;
			children = (
				FAE54F1F1733DA7600595565 /* kidscipher_game_zero_result.m4a */,
				FAE54F201733DA7600595565 /* kidscipher_game_success.m4a */,
				FAE54F211733DA7600595565 /* kidscipher_game_wrong.m4a */,
				FAE54F221733DA7600595565 /* kidscipher_gameplay_main.m4a */,
				FAE54F231733DA7600595565 /* kidscipher_return_image_outside_row_or_cancel_drag.m4a */,
				FAE54F241733DA7600595565 /* kidscipher_fix_image_inside_row.m4a */,
				FAE54F251733DA7600595565 /* kidscipher_start_drag.m4a */,
				FAE54F341733DAEC00595565 /* kidscipher_phone_music_vmeste_veselo_shagat.mp3 */,
				FABCB8A11733220F00907198 /* vmeste_veselo_shagat.mp3 */,
			);
			path = Voice;
			sourceTree = "<group>";
		};
		FAFD5C4F172E628F005F47E2 /* Model */ = {
			isa = PBXGroup;
			children = (
				FADBE8F81732369F00E3DA8D /* Model.xcdatamodeld */,
				FA9267F41736CF600029ACB5 /* GameScore.h */,
				FA9267F51736CF600029ACB5 /* GameScore.m */,
				FA803CDC17343BFB0053C881 /* Game.h */,
				FA803CDD17343BFB0053C881 /* Game.m */,
				FA803CD817342F110053C881 /* GamesHistory.h */,
				FA803CD917342F110053C881 /* GamesHistory.m */,
				FABCB8A4173397F300907198 /* Row.h */,
				FABCB8A5173397F300907198 /* Row.m */,
			);
			path = Model;
			sourceTree = "<group>";
		};
/* End PBXGroup section */

/* Begin PBXNativeTarget section */
		FAAA368B172E4D7A00C55968 /* KidsCipher */ = {
			isa = PBXNativeTarget;
			buildConfigurationList = FAAA36B2172E4D7A00C55968 /* Build configuration list for PBXNativeTarget "KidsCipher" */;
			buildPhases = (
				FAAA3688172E4D7A00C55968 /* Sources */,
				FAAA3689172E4D7A00C55968 /* Frameworks */,
				FAAA368A172E4D7A00C55968 /* Resources */,
			);
			buildRules = (
			);
			dependencies = (
			);
			name = KidsCipher;
			productName = KidsCipher;
			productReference = FAAA368C172E4D7A00C55968 /* KidsCipher.app */;
			productType = "com.apple.product-type.application";
		};
		FAF34388172FC3E900C282D5 /* KidsCipherBoys */ = {
			isa = PBXNativeTarget;
			buildConfigurationList = FAF343AB172FC3E900C282D5 /* Build configuration list for PBXNativeTarget "KidsCipherBoys" */;
			buildPhases = (
				FAF34389172FC3E900C282D5 /* Sources */,
				FAF34390172FC3E900C282D5 /* Frameworks */,
				FAF34395172FC3E900C282D5 /* Resources */,
			);
			buildRules = (
			);
			dependencies = (
			);
			name = KidsCipherBoys;
			productName = KidsCipher;
			productReference = FAF343AE172FC3E900C282D5 /* KidsCipherB.app */;
			productType = "com.apple.product-type.application";
		};
/* End PBXNativeTarget section */

/* Begin PBXProject section */
		FAAA3684172E4D7A00C55968 /* Project object */ = {
			isa = PBXProject;
			attributes = {
				CLASSPREFIX = Cipher;
				LastUpgradeCheck = 0460;
				ORGANIZATIONNAME = "IXC-USA Corp.";
			};
			buildConfigurationList = FAAA3687172E4D7A00C55968 /* Build configuration list for PBXProject "KidsCipher" */;
			compatibilityVersion = "Xcode 3.2";
			developmentRegion = English;
			hasScannedForEncodings = 0;
			knownRegions = (
				en,
				ru,
				ja,
				"zh-Hans",
				ar,
				ko,
				es,
				pt,
				de,
				fr,
				tr,
				"it-IT",
			);
			mainGroup = FAAA3683172E4D7A00C55968;
			productRefGroup = FAAA368D172E4D7A00C55968 /* Products */;
			projectDirPath = "";
			projectRoot = "";
			targets = (
				FAAA368B172E4D7A00C55968 /* KidsCipher */,
				FAF34388172FC3E900C282D5 /* KidsCipherBoys */,
			);
		};
/* End PBXProject section */

/* Begin PBXResourcesBuildPhase section */
		FAAA368A172E4D7A00C55968 /* Resources */ = {
			isa = PBXResourcesBuildPhase;
			buildActionMask = 2147483647;
			files = (
				FAAA369A172E4D7A00C55968 /* InfoPlist.strings in Resources */,
				FAAA36A2172E4D7A00C55968 /* Default.png in Resources */,
				FAAA36A4172E4D7A00C55968 /* Default@2x.png in Resources */,
				FAAA36A6172E4D7A00C55968 /* Default-568h@2x.png in Resources */,
				FAAA36A9172E4D7A00C55968 /* MainStoryboard_iPhone.storyboard in Resources */,
				FAAA36AC172E4D7A00C55968 /* MainStoryboard_iPad.storyboard in Resources */,
				FAAA36C4172E53D000C55968 /* 1.png in Resources */,
				FAAA36C5172E53D000C55968 /* 2.png in Resources */,
				FAAA36C6172E53D000C55968 /* 3.png in Resources */,
				FAAA36C7172E53D000C55968 /* 4.png in Resources */,
				FAAA36C8172E53D000C55968 /* 5.png in Resources */,
				FAFD5C4C172E5A78005F47E2 /* safe.jpg in Resources */,
				FA4580FB172EE41800180886 /* ava.png in Resources */,
				FABCB8A21733220F00907198 /* vmeste_veselo_shagat.mp3 in Resources */,
				FAE54F261733DA7600595565 /* kidscipher_game_zero_result.m4a in Resources */,
				FAE54F281733DA7600595565 /* kidscipher_game_success.m4a in Resources */,
				FAE54F2A1733DA7600595565 /* kidscipher_game_wrong.m4a in Resources */,
				FAE54F2C1733DA7600595565 /* kidscipher_gameplay_main.m4a in Resources */,
				FAE54F2E1733DA7600595565 /* kidscipher_return_image_outside_row_or_cancel_drag.m4a in Resources */,
				FAE54F301733DA7600595565 /* kidscipher_fix_image_inside_row.m4a in Resources */,
				FAE54F321733DA7600595565 /* kidscipher_start_drag.m4a in Resources */,
				FAE54F351733DAEC00595565 /* kidscipher_phone_music_vmeste_veselo_shagat.mp3 in Resources */,
				FAE54FB21736018A00595565 /* Ipad_logo1024_1024 _girl_57x57.png in Resources */,
				FAE54FB41736019100595565 /* Ipad_logo1024_1024 _girl_114x114.png in Resources */,
				FAE54FB61736019700595565 /* Ipad_logo1024_1024 _girl_72x72.png in Resources */,
				FAE54FB81736019E00595565 /* Ipad_logo1024_1024 _girl_144x144.png in Resources */,
				FA9267EF17361CC60029ACB5 /* webcob.p12 in Resources */,
				FA0C2559174E70E300C942BC /* main_background.png in Resources */,
				FA0C255B174E77D200C942BC /* button_flower_game.png in Resources */,
				FA0C255E174E785000C942BC /* active_field_game.png in Resources */,
				FA0C2560174E78F900C942BC /* button_flower_blue_active.png in Resources */,
				FA0C2563174E790700C942BC /* button_flower_green_active.png in Resources */,
				FA0C2565174E791A00C942BC /* button_flower_red_active.png in Resources */,
				FA0C2567174E792800C942BC /* button_flower_violet_active.png in Resources */,
				FA0C2569174E793000C942BC /* button_flower_yellow_active.png in Resources */,
				FA0C256B174E793A00C942BC /* button_info.png in Resources */,
				FA0C256D174E83A900C942BC /* button_lock.png in Resources */,
				FA0C256F174E847E00C942BC /* lock_field_game.png in Resources */,
			);
			runOnlyForDeploymentPostprocessing = 0;
		};
		FAF34395172FC3E900C282D5 /* Resources */ = {
			isa = PBXResourcesBuildPhase;
			buildActionMask = 2147483647;
			files = (
				FAF34396172FC3E900C282D5 /* InfoPlist.strings in Resources */,
				FAF34397172FC3E900C282D5 /* Default.png in Resources */,
				FAF34398172FC3E900C282D5 /* Default@2x.png in Resources */,
				FAF34399172FC3E900C282D5 /* Default-568h@2x.png in Resources */,
				FAF3439A172FC3E900C282D5 /* MainStoryboard_iPhone.storyboard in Resources */,
				FAF3439B172FC3E900C282D5 /* MainStoryboard_iPad.storyboard in Resources */,
				FAF3439C172FC3E900C282D5 /* 1.png in Resources */,
				FAF3439D172FC3E900C282D5 /* 2.png in Resources */,
				FAF3439E172FC3E900C282D5 /* 3.png in Resources */,
				FAF3439F172FC3E900C282D5 /* 4.png in Resources */,
				FAF343A0172FC3E900C282D5 /* 5.png in Resources */,
				FAF343A1172FC3E900C282D5 /* safe.jpg in Resources */,
				FAF343A2172FC3E900C282D5 /* ava.png in Resources */,
				FABCB8A31733220F00907198 /* vmeste_veselo_shagat.mp3 in Resources */,
				FAE54F271733DA7600595565 /* kidscipher_game_zero_result.m4a in Resources */,
				FAE54F291733DA7600595565 /* kidscipher_game_success.m4a in Resources */,
				FAE54F2B1733DA7600595565 /* kidscipher_game_wrong.m4a in Resources */,
				FAE54F2D1733DA7600595565 /* kidscipher_gameplay_main.m4a in Resources */,
				FAE54F2F1733DA7600595565 /* kidscipher_return_image_outside_row_or_cancel_drag.m4a in Resources */,
				FAE54F311733DA7600595565 /* kidscipher_fix_image_inside_row.m4a in Resources */,
				FAE54F331733DA7600595565 /* kidscipher_start_drag.m4a in Resources */,
				FAE54F361733DAEC00595565 /* kidscipher_phone_music_vmeste_veselo_shagat.mp3 in Resources */,
				FAE54FBA173601A800595565 /* Ipad_logo1024_1024_boy_144x144.png in Resources */,
				FAE54FBC173601AD00595565 /* Ipad_logo1024_1024_boy_72x72.png in Resources */,
				FAE54FBE173601B700595565 /* Ipad_logo1024_1024_boy_114x114.png in Resources */,
				FAE54FC0173601BB00595565 /* Ipad_logo1024_1024_boy_57x57.png in Resources */,
				FA9267F017361CC60029ACB5 /* webcob.p12 in Resources */,
				FA0C255C174E77D200C942BC /* button_flower_game.png in Resources */,
			);
			runOnlyForDeploymentPostprocessing = 0;
		};
/* End PBXResourcesBuildPhase section */

/* Begin PBXSourcesBuildPhase section */
		FAAA3688172E4D7A00C55968 /* Sources */ = {
			isa = PBXSourcesBuildPhase;
			buildActionMask = 2147483647;
			files = (
				FAAA369C172E4D7A00C55968 /* main.m in Sources */,
				FAAA36A0172E4D7A00C55968 /* CipherAppDelegate.m in Sources */,
				FAAA36AF172E4D7A00C55968 /* CipherViewController.m in Sources */,
				FAAA36B7172E520400C55968 /* AVImageView.m in Sources */,
				FAAA36BA172E525D00C55968 /* CipherInfoViewController.m in Sources */,
				FADBE8FA1732369F00E3DA8D /* Model.xcdatamodeld in Sources */,
				FABCB8A6173397F300907198 /* Row.m in Sources */,
				FA803CAE173424420053C881 /* CipherInfoViewCell.m in Sources */,
				FA803CDA17342F110053C881 /* GamesHistory.m in Sources */,
				FA803CDE17343BFB0053C881 /* Game.m in Sources */,
				FA9267F61736CF600029ACB5 /* GameScore.m in Sources */,
			);
			runOnlyForDeploymentPostprocessing = 0;
		};
		FAF34389172FC3E900C282D5 /* Sources */ = {
			isa = PBXSourcesBuildPhase;
			buildActionMask = 2147483647;
			files = (
				FAF3438A172FC3E900C282D5 /* main.m in Sources */,
				FAF3438B172FC3E900C282D5 /* CipherAppDelegate.m in Sources */,
				FAF3438C172FC3E900C282D5 /* CipherViewController.m in Sources */,
				FAF3438D172FC3E900C282D5 /* AVImageView.m in Sources */,
				FAF3438E172FC3E900C282D5 /* CipherInfoViewController.m in Sources */,
				FADBE8FB1732369F00E3DA8D /* Model.xcdatamodeld in Sources */,
				FABCB8A7173397F300907198 /* Row.m in Sources */,
				FA803CAF173424420053C881 /* CipherInfoViewCell.m in Sources */,
				FA803CDB17342F110053C881 /* GamesHistory.m in Sources */,
				FA803CDF17343BFB0053C881 /* Game.m in Sources */,
				FA9267F71736CF600029ACB5 /* GameScore.m in Sources */,
			);
			runOnlyForDeploymentPostprocessing = 0;
		};
/* End PBXSourcesBuildPhase section */

/* Begin PBXVariantGroup section */
		FA803CCC173428B20053C881 /* Localizable.strings */ = {
			isa = PBXVariantGroup;
			children = (
				FA803CCB173428B20053C881 /* en */,
				FA803CCD173428BD0053C881 /* ru */,
				FA803CCE173428D50053C881 /* ja */,
				FA803CCF1734292D0053C881 /* zh-Hans */,
				FA803CD01734293C0053C881 /* ar */,
				FA803CD11734294E0053C881 /* ko */,
				FA803CD2173429C70053C881 /* es */,
				FA803CD3173429DE0053C881 /* pt */,
				FA803CD4173429E70053C881 /* de */,
				FA803CD517342A0B0053C881 /* fr */,
				FA803CD617342A1C0053C881 /* tr */,
				FA803CD717342A530053C881 /* it-IT */,
			);
			name = Localizable.strings;
			sourceTree = "<group>";
		};
		FAAA3698172E4D7A00C55968 /* InfoPlist.strings */ = {
			isa = PBXVariantGroup;
			children = (
				FAAA3699172E4D7A00C55968 /* en */,
			);
			name = InfoPlist.strings;
			sourceTree = "<group>";
		};
		FAAA36A7172E4D7A00C55968 /* MainStoryboard_iPhone.storyboard */ = {
			isa = PBXVariantGroup;
			children = (
				FAAA36A8172E4D7A00C55968 /* en */,
			);
			name = MainStoryboard_iPhone.storyboard;
			sourceTree = "<group>";
		};
		FAAA36AA172E4D7A00C55968 /* MainStoryboard_iPad.storyboard */ = {
			isa = PBXVariantGroup;
			children = (
				FAAA36AB172E4D7A00C55968 /* en */,
			);
			name = MainStoryboard_iPad.storyboard;
			sourceTree = "<group>";
		};
/* End PBXVariantGroup section */

/* Begin XCBuildConfiguration section */
		FAAA36B0172E4D7A00C55968 /* Debug */ = {
			isa = XCBuildConfiguration;
			buildSettings = {
				ALWAYS_SEARCH_USER_PATHS = NO;
				CLANG_CXX_LANGUAGE_STANDARD = "gnu++0x";
				CLANG_CXX_LIBRARY = "libc++";
				CLANG_ENABLE_OBJC_ARC = YES;
				CLANG_WARN_CONSTANT_CONVERSION = YES;
				CLANG_WARN_EMPTY_BODY = YES;
				CLANG_WARN_ENUM_CONVERSION = YES;
				CLANG_WARN_INT_CONVERSION = YES;
				CLANG_WARN__DUPLICATE_METHOD_MATCH = YES;
				"CODE_SIGN_IDENTITY[sdk=iphoneos*]" = "iPhone Developer";
				COPY_PHASE_STRIP = NO;
				GCC_C_LANGUAGE_STANDARD = gnu99;
				GCC_DYNAMIC_NO_PIC = NO;
				GCC_OPTIMIZATION_LEVEL = 0;
				GCC_PREPROCESSOR_DEFINITIONS = (
					"DEBUG=1",
					"$(inherited)",
				);
				GCC_SYMBOLS_PRIVATE_EXTERN = NO;
				GCC_WARN_ABOUT_RETURN_TYPE = YES;
				GCC_WARN_UNINITIALIZED_AUTOS = YES;
				GCC_WARN_UNUSED_VARIABLE = YES;
				IPHONEOS_DEPLOYMENT_TARGET = 6.1;
				ONLY_ACTIVE_ARCH = YES;
				SDKROOT = iphoneos;
				TARGETED_DEVICE_FAMILY = "1,2";
			};
			name = Debug;
		};
		FAAA36B1172E4D7A00C55968 /* Release */ = {
			isa = XCBuildConfiguration;
			buildSettings = {
				ALWAYS_SEARCH_USER_PATHS = NO;
				CLANG_CXX_LANGUAGE_STANDARD = "gnu++0x";
				CLANG_CXX_LIBRARY = "libc++";
				CLANG_ENABLE_OBJC_ARC = YES;
				CLANG_WARN_CONSTANT_CONVERSION = YES;
				CLANG_WARN_EMPTY_BODY = YES;
				CLANG_WARN_ENUM_CONVERSION = YES;
				CLANG_WARN_INT_CONVERSION = YES;
				CLANG_WARN__DUPLICATE_METHOD_MATCH = YES;
				"CODE_SIGN_IDENTITY[sdk=iphoneos*]" = "iPhone Developer";
				COPY_PHASE_STRIP = YES;
				GCC_C_LANGUAGE_STANDARD = gnu99;
				GCC_WARN_ABOUT_RETURN_TYPE = YES;
				GCC_WARN_UNINITIALIZED_AUTOS = YES;
				GCC_WARN_UNUSED_VARIABLE = YES;
				IPHONEOS_DEPLOYMENT_TARGET = 6.1;
				OTHER_CFLAGS = "-DNS_BLOCK_ASSERTIONS=1";
				SDKROOT = iphoneos;
				TARGETED_DEVICE_FAMILY = "1,2";
				VALIDATE_PRODUCT = YES;
			};
			name = Release;
		};
		FAAA36B3172E4D7A00C55968 /* Debug */ = {
			isa = XCBuildConfiguration;
			buildSettings = {
				GCC_PRECOMPILE_PREFIX_HEADER = YES;
				GCC_PREFIX_HEADER = "KidsCipher/KidsCipher-Prefix.pch";
				GCC_PREPROCESSOR_DEFINITIONS = KidsCipherGirls;
				INFOPLIST_FILE = "KidsCipher/KidsCipher-Info.plist";
				IPHONEOS_DEPLOYMENT_TARGET = 5.0;
				PRODUCT_NAME = "$(TARGET_NAME)";
				WRAPPER_EXTENSION = app;
			};
			name = Debug;
		};
		FAAA36B4172E4D7A00C55968 /* Release */ = {
			isa = XCBuildConfiguration;
			buildSettings = {
				GCC_PRECOMPILE_PREFIX_HEADER = YES;
				GCC_PREFIX_HEADER = "KidsCipher/KidsCipher-Prefix.pch";
				GCC_PREPROCESSOR_DEFINITIONS = KidsCipherGirls;
				INFOPLIST_FILE = "KidsCipher/KidsCipher-Info.plist";
				IPHONEOS_DEPLOYMENT_TARGET = 5.0;
				PRODUCT_NAME = "$(TARGET_NAME)";
				WRAPPER_EXTENSION = app;
			};
			name = Release;
		};
		FAF343AC172FC3E900C282D5 /* Debug */ = {
			isa = XCBuildConfiguration;
			buildSettings = {
				GCC_PRECOMPILE_PREFIX_HEADER = YES;
				GCC_PREFIX_HEADER = "KidsCipher/KidsCipher-Prefix.pch";
				GCC_PREPROCESSOR_DEFINITIONS = KidsCipherBoys;
				INFOPLIST_FILE = "KidsCipher copy-Info.plist";
				IPHONEOS_DEPLOYMENT_TARGET = 5.0;
				PRODUCT_NAME = KidsCipherB;
				WRAPPER_EXTENSION = app;
			};
			name = Debug;
		};
		FAF343AD172FC3E900C282D5 /* Release */ = {
			isa = XCBuildConfiguration;
			buildSettings = {
				GCC_PRECOMPILE_PREFIX_HEADER = YES;
				GCC_PREFIX_HEADER = "KidsCipher/KidsCipher-Prefix.pch";
				GCC_PREPROCESSOR_DEFINITIONS = KidsCipherBoys;
				INFOPLIST_FILE = "KidsCipher copy-Info.plist";
				IPHONEOS_DEPLOYMENT_TARGET = 5.0;
				PRODUCT_NAME = KidsCipherB;
				WRAPPER_EXTENSION = app;
			};
			name = Release;
		};
/* End XCBuildConfiguration section */

/* Begin XCConfigurationList section */
		FAAA3687172E4D7A00C55968 /* Build configuration list for PBXProject "KidsCipher" */ = {
			isa = XCConfigurationList;
			buildConfigurations = (
				FAAA36B0172E4D7A00C55968 /* Debug */,
				FAAA36B1172E4D7A00C55968 /* Release */,
			);
			defaultConfigurationIsVisible = 0;
			defaultConfigurationName = Release;
		};
		FAAA36B2172E4D7A00C55968 /* Build configuration list for PBXNativeTarget "KidsCipher" */ = {
			isa = XCConfigurationList;
			buildConfigurations = (
				FAAA36B3172E4D7A00C55968 /* Debug */,
				FAAA36B4172E4D7A00C55968 /* Release */,
			);
			defaultConfigurationIsVisible = 0;
			defaultConfigurationName = Release;
		};
		FAF343AB172FC3E900C282D5 /* Build configuration list for PBXNativeTarget "KidsCipherBoys" */ = {
			isa = XCConfigurationList;
			buildConfigurations = (
				FAF343AC172FC3E900C282D5 /* Debug */,
				FAF343AD172FC3E900C282D5 /* Release */,
			);
			defaultConfigurationIsVisible = 0;
			defaultConfigurationName = Release;
		};
/* End XCConfigurationList section */

/* Begin XCVersionGroup section */
		FADBE8F81732369F00E3DA8D /* Model.xcdatamodeld */ = {
			isa = XCVersionGroup;
			children = (
				FADBE8F91732369F00E3DA8D /* Model.xcdatamodel */,
			);
			currentVersion = FADBE8F91732369F00E3DA8D /* Model.xcdatamodel */;
			path = Model.xcdatamodeld;
			sourceTree = "<group>";
			versionGroupType = wrapper.xcdatamodel;
		};
/* End XCVersionGroup section */
	};
	rootObject = FAAA3684172E4D7A00C55968 /* Project object */;
}
